{
  "lockfileVersion": 1,
  "configVersion": 0,
  "workspaces": {
    "": {
      "name": "token-api-validator",
      "dependencies": {
        "@clickhouse/client-web": "^1.12.0",
        "@noble/curves": "1.9.1",
        "@noble/hashes": "1.8.0",
        "@pinax/graph-networks-registry": "^0.7.1",
        "@pinax/token-api": "0.2.4",
        "bs58": "^6.0.0",
        "croner": "^9.0.0",
        "dotenv": "^17.2.1",
        "hono": "^4.8.12",
        "prom-client": "^15.1.0",
        "tslog": "^4.9.3",
        "viem": "^2.47.4",
        "zod": "^4.0.15",
      },
      "devDependencies": {
        "@biomejs/biome": "^2.1.4",
        "@types/bun": "^1.2.19",
        "typescript": "^5.9.2",
      },
    },
  },
  "packages": {
    "@adraffy/ens-normalize": ["@adraffy/ens-normalize@1.11.1", "", {}, "sha512-nhCBV3quEgesuf7c7KYfperqSS14T8bYuvJ8PcLJp6znkZpFc0AuW4qBtr8eKVyPPe/8RSr7sglCWPU5eaxwKQ=="],

    "@biomejs/biome": ["@biomejs/biome@2.4.5", "", { "optionalDependencies": { "@biomejs/cli-darwin-arm64": "2.4.5", "@biomejs/cli-darwin-x64": "2.4.5", "@biomejs/cli-linux-arm64": "2.4.5", "@biomejs/cli-linux-arm64-musl": "2.4.5", "@biomejs/cli-linux-x64": "2.4.5", "@biomejs/cli-linux-x64-musl": "2.4.5", "@biomejs/cli-win32-arm64": "2.4.5", "@biomejs/cli-win32-x64": "2.4.5" }, "bin": { "biome": "bin/biome" } }, "sha512-OWNCyMS0Q011R6YifXNOg6qsOg64IVc7XX6SqGsrGszPbkVCoaO7Sr/lISFnXZ9hjQhDewwZ40789QmrG0GYgQ=="],

    "@biomejs/cli-darwin-arm64": ["@biomejs/cli-darwin-arm64@2.4.5", "", { "os": "darwin", "cpu": "arm64" }, "sha512-lGS4Nd5O3KQJ6TeWv10mElnx1phERhBxqGP/IKq0SvZl78kcWDFMaTtVK+w3v3lusRFxJY78n07PbKplirsU5g=="],

    "@biomejs/cli-darwin-x64": ["@biomejs/cli-darwin-x64@2.4.5", "", { "os": "darwin", "cpu": "x64" }, "sha512-6MoH4tyISIBNkZ2Q5T1R7dLd5BsITb2yhhhrU9jHZxnNSNMWl+s2Mxu7NBF8Y3a7JJcqq9nsk8i637z4gqkJxQ=="],

    "@biomejs/cli-linux-arm64": ["@biomejs/cli-linux-arm64@2.4.5", "", { "os": "linux", "cpu": "arm64" }, "sha512-U1GAG6FTjhAO04MyH4xn23wRNBkT6H7NentHh+8UxD6ShXKBm5SY4RedKJzkUThANxb9rUKIPc7B8ew9Xo/cWg=="],

    "@biomejs/cli-linux-arm64-musl": ["@biomejs/cli-linux-arm64-musl@2.4.5", "", { "os": "linux", "cpu": "arm64" }, "sha512-iqLDgpzobG7gpBF0fwEVS/LT8kmN7+S0E2YKFDtqliJfzNLnAiV2Nnyb+ehCDCJgAZBASkYHR2o60VQWikpqIg=="],

    "@biomejs/cli-linux-x64": ["@biomejs/cli-linux-x64@2.4.5", "", { "os": "linux", "cpu": "x64" }, "sha512-NdODlSugMzTlENPTa4z0xB82dTUlCpsrOxc43///aNkTLblIYH4XpYflBbf5ySlQuP8AA4AZd1qXhV07IdrHdQ=="],

    "@biomejs/cli-linux-x64-musl": ["@biomejs/cli-linux-x64-musl@2.4.5", "", { "os": "linux", "cpu": "x64" }, "sha512-NlKa7GpbQmNhZf9kakQeddqZyT7itN7jjWdakELeXyTU3pg/83fTysRRDPJD0akTfKDl6vZYNT9Zqn4MYZVBOA=="],

    "@biomejs/cli-win32-arm64": ["@biomejs/cli-win32-arm64@2.4.5", "", { "os": "win32", "cpu": "arm64" }, "sha512-EBfrTqRIWOFSd7CQb/0ttjHMR88zm3hGravnDwUA9wHAaCAYsULKDebWcN5RmrEo1KBtl/gDVJMrFjNR0pdGUw=="],

    "@biomejs/cli-win32-x64": ["@biomejs/cli-win32-x64@2.4.5", "", { "os": "win32", "cpu": "x64" }, "sha512-Pmhv9zT95YzECfjEHNl3mN9Vhusw9VA5KHY0ZvlGsxsjwS5cb7vpRnHzJIv0vG7jB0JI7xEaMH9ddfZm/RozBw=="],

    "@clickhouse/client-common": ["@clickhouse/client-common@1.18.1", "", {}, "sha512-kDk8miGZVDAzqFrBZRmD9rD82Li8gwaGlJ5MNUpWgxx1OUXRBUkcV6ULysWP1C9Jinb3yle3YLz/XbNOPVgVtQ=="],

    "@clickhouse/client-web": ["@clickhouse/client-web@1.18.1", "", { "dependencies": { "@clickhouse/client-common": "1.18.1" } }, "sha512-2GdMU3dXi9XDzwMb1bpLhmhRMVLZ/dC+s08TWtnJ/ASFFWQizxcVBbZFTe03nDwroi1GdS6u8CPyGCKhoXp7Gw=="],

    "@noble/ciphers": ["@noble/ciphers@1.3.0", "", {}, "sha512-2I0gnIVPtfnMw9ee9h1dJG7tp81+8Ob3OJb3Mv37rx5L40/b0i7djjCVvGOVqc9AEIQyvyu1i6ypKdFw8R8gQw=="],

    "@noble/curves": ["@noble/curves@1.9.1", "", { "dependencies": { "@noble/hashes": "1.8.0" } }, "sha512-k11yZxZg+t+gWvBbIswW0yoJlu8cHOC7dhunwOzoWH/mXGBiYyR4YY6hAEK/3EUs4UpB8la1RfdRpeGsFHkWsA=="],

    "@noble/hashes": ["@noble/hashes@1.8.0", "", {}, "sha512-jCs9ldd7NwzpgXDIf6P3+NrHh9/sD6CQdxHyjQI+h/6rDNo88ypBxxz45UDuZHz9r3tNz7N/VInSVoVdtXEI4A=="],

    "@opentelemetry/api": ["@opentelemetry/api@1.9.0", "", {}, "sha512-3giAOQvZiH5F9bMlMiv8+GSPMeqg0dbaeo58/0SlA9sxSqZhnUtxzX9/2FzyhS9sWQf5S0GJE0AKBrFqjpeYcg=="],

    "@pinax/graph-networks-registry": ["@pinax/graph-networks-registry@0.7.1", "", {}, "sha512-Gn2kXRiEd5COAaMY/aDCRO0V+zfb1uQKCu5HFPoWka+EsZW27AlTINA7JctYYYEMuCbjMia5FBOzskjgEvj6LA=="],

    "@pinax/token-api": ["@pinax/token-api@0.2.4", "", { "dependencies": { "openapi-fetch": "^0.13.0" } }, "sha512-m5YerDfJ6oLsupNelo3JuuZo5h9CGmuukwDHaytnIvxaVrx1CNCg6RGDG6cBRUiNZp+z6QQ7Vb7013iLhouQ9Q=="],

    "@scure/base": ["@scure/base@1.2.6", "", {}, "sha512-g/nm5FgUa//MCj1gV09zTJTaM6KBAHqLN907YVQqf7zC49+DcO4B1so4ZX07Ef10Twr6nuqYEH9GEggFXA4Fmg=="],

    "@scure/bip32": ["@scure/bip32@1.7.0", "", { "dependencies": { "@noble/curves": "~1.9.0", "@noble/hashes": "~1.8.0", "@scure/base": "~1.2.5" } }, "sha512-E4FFX/N3f4B80AKWp5dP6ow+flD1LQZo/w8UnLGYZO674jS6YnYeepycOOksv+vLPSpgN35wgKgy+ybfTb2SMw=="],

    "@scure/bip39": ["@scure/bip39@1.6.0", "", { "dependencies": { "@noble/hashes": "~1.8.0", "@scure/base": "~1.2.5" } }, "sha512-+lF0BbLiJNwVlev4eKelw1WWLaiKXw7sSl8T6FvBlWkdX+94aGJ4o8XjUdlyhTCjd8c+B3KT3JfS8P0bLRNU6A=="],

    "@types/bun": ["@types/bun@1.3.9", "", { "dependencies": { "bun-types": "1.3.9" } }, "sha512-KQ571yULOdWJiMH+RIWIOZ7B2RXQGpL1YQrBtLIV3FqDcCu6FsbFUBwhdKUlCKUpS3PJDsHlJ1QKlpxoVR+xtw=="],

    "@types/node": ["@types/node@25.3.3", "", { "dependencies": { "undici-types": "~7.18.0" } }, "sha512-DpzbrH7wIcBaJibpKo9nnSQL0MTRdnWttGyE5haGwK86xgMOkFLp7vEyfQPGLOJh5wNYiJ3V9PmUMDhV9u8kkQ=="],

    "abitype": ["abitype@1.2.3", "", { "peerDependencies": { "typescript": ">=5.0.4", "zod": "^3.22.0 || ^4.0.0" }, "optionalPeers": ["typescript", "zod"] }, "sha512-Ofer5QUnuUdTFsBRwARMoWKOH1ND5ehwYhJ3OJ/BQO+StkwQjHw0XyVh4vDttzHB7QOFhPHa/o413PJ82gU/Tg=="],

    "base-x": ["base-x@5.0.1", "", {}, "sha512-M7uio8Zt++eg3jPj+rHMfCC+IuygQHHCOU+IYsVtik6FWjuYpVt/+MRKcgsAMHh8mMFAwnB+Bs+mTrFiXjMzKg=="],

    "bintrees": ["bintrees@1.0.2", "", {}, "sha512-VOMgTMwjAaUG580SXn3LacVgjurrbMme7ZZNYGSSV7mmtY6QQRh0Eg3pwIcntQ77DErK1L0NxkbetjcoXzVwKw=="],

    "bs58": ["bs58@6.0.0", "", { "dependencies": { "base-x": "^5.0.0" } }, "sha512-PD0wEnEYg6ijszw/u8s+iI3H17cTymlrwkKhDhPZq+Sokl3AU4htyBFTjAeNAlCCmg0f53g6ih3jATyCKftTfw=="],

    "bun-types": ["bun-types@1.3.9", "", { "dependencies": { "@types/node": "*" } }, "sha512-+UBWWOakIP4Tswh0Bt0QD0alpTY8cb5hvgiYeWCMet9YukHbzuruIEeXC2D7nMJPB12kbh8C7XJykSexEqGKJg=="],

    "croner": ["croner@9.1.0", "", {}, "sha512-p9nwwR4qyT5W996vBZhdvBCnMhicY5ytZkR4D1Xj0wuTDEiMnjwR57Q3RXYY/s0EpX6Ay3vgIcfaR+ewGHsi+g=="],

    "dotenv": ["dotenv@17.3.1", "", {}, "sha512-IO8C/dzEb6O3F9/twg6ZLXz164a2fhTnEWb95H23Dm4OuN+92NmEAlTrupP9VW6Jm3sO26tQlqyvyi4CsnY9GA=="],

    "eventemitter3": ["eventemitter3@5.0.1", "", {}, "sha512-GWkBvjiSZK87ELrYOSESUYeVIc9mvLLf/nXalMOS5dYrgZq9o5OVkbZAVM06CVxYsCwH9BDZFPlQTlPA1j4ahA=="],

    "hono": ["hono@4.12.3", "", {}, "sha512-SFsVSjp8sj5UumXOOFlkZOG6XS9SJDKw0TbwFeV+AJ8xlST8kxK5Z/5EYa111UY8732lK2S/xB653ceuaoGwpg=="],

    "isows": ["isows@1.0.7", "", { "peerDependencies": { "ws": "*" } }, "sha512-I1fSfDCZL5P0v33sVqeTDSpcstAg/N+wF5HS033mogOVIp4B+oHC7oOCsA3axAbBSGTJ8QubbNmnIRN/h8U7hg=="],

    "openapi-fetch": ["openapi-fetch@0.13.8", "", { "dependencies": { "openapi-typescript-helpers": "^0.0.15" } }, "sha512-yJ4QKRyNxE44baQ9mY5+r/kAzZ8yXMemtNAOFwOzRXJscdjSxxzWSNlyBAr+o5JjkUw9Lc3W7OIoca0cY3PYnQ=="],

    "openapi-typescript-helpers": ["openapi-typescript-helpers@0.0.15", "", {}, "sha512-opyTPaunsklCBpTK8JGef6mfPhLSnyy5a0IN9vKtx3+4aExf+KxEqYwIy3hqkedXIB97u357uLMJsOnm3GVjsw=="],

    "ox": ["ox@0.14.5", "", { "dependencies": { "@adraffy/ens-normalize": "^1.11.0", "@noble/ciphers": "^1.3.0", "@noble/curves": "1.9.1", "@noble/hashes": "^1.8.0", "@scure/bip32": "^1.7.0", "@scure/bip39": "^1.6.0", "abitype": "^1.2.3", "eventemitter3": "5.0.1" }, "peerDependencies": { "typescript": ">=5.4.0" }, "optionalPeers": ["typescript"] }, "sha512-HgmHmBveYO40H/R3K6TMrwYtHsx/u6TAB+GpZlgJCoW0Sq5Ttpjih0IZZiwGQw7T6vdW4IAyobYrE2mdAvyF8Q=="],

    "prom-client": ["prom-client@15.1.3", "", { "dependencies": { "@opentelemetry/api": "^1.4.0", "tdigest": "^0.1.1" } }, "sha512-6ZiOBfCywsD4k1BN9IX0uZhF+tJkV8q8llP64G5Hajs4JOeVLPCwpPVcpXy3BwYiUGgyJzsJJQeOIv7+hDSq8g=="],

    "tdigest": ["tdigest@0.1.2", "", { "dependencies": { "bintrees": "1.0.2" } }, "sha512-+G0LLgjjo9BZX2MfdvPfH+MKLCrxlXSYec5DaPYP1fe6Iyhf0/fSmJ0bFiZ1F8BT6cGXl2LpltQptzjXKWEkKA=="],

    "tslog": ["tslog@4.10.2", "", {}, "sha512-XuELoRpMR+sq8fuWwX7P0bcj+PRNiicOKDEb3fGNURhxWVyykCi9BNq7c4uVz7h7P0sj8qgBsr5SWS6yBClq3g=="],

    "typescript": ["typescript@5.9.3", "", { "bin": { "tsc": "bin/tsc", "tsserver": "bin/tsserver" } }, "sha512-jl1vZzPDinLr9eUt3J/t7V6FgNEw9QjvBPdysz9KfQDD41fQrC2Y4vKQdiaUpFT4bXlb1RHhLpp8wtm6M5TgSw=="],

    "undici-types": ["undici-types@7.18.2", "", {}, "sha512-AsuCzffGHJybSaRrmr5eHr81mwJU3kjw6M+uprWvCXiNeN9SOGwQ3Jn8jb8m3Z6izVgknn1R0FTCEAP2QrLY/w=="],

    "viem": ["viem@2.47.4", "", { "dependencies": { "@noble/curves": "1.9.1", "@noble/hashes": "1.8.0", "@scure/bip32": "1.7.0", "@scure/bip39": "1.6.0", "abitype": "1.2.3", "isows": "1.0.7", "ox": "0.14.5", "ws": "8.18.3" }, "peerDependencies": { "typescript": ">=5.0.4" }, "optionalPeers": ["typescript"] }, "sha512-h0Wp/SYmJO/HB4B/em1OZ3W1LaKrmr7jzaN7talSlZpo0LCn0V6rZ5g923j6sf4VUSrqp/gUuWuHFc7UcoIp8A=="],

    "ws": ["ws@8.18.3", "", { "peerDependencies": { "bufferutil": "^4.0.1", "utf-8-validate": ">=5.0.2" }, "optionalPeers": ["bufferutil", "utf-8-validate"] }, "sha512-PEIGCY5tSlUt50cqyMXfCzX+oOPqN0vuGqWzbcJ2xvnkzkq46oOpz7dQaTDBdfICb4N14+GARUDw2XV2N4tvzg=="],

    "zod": ["zod@4.3.6", "", {}, "sha512-rftlrkhHZOcjDwkGlnUtZZkvaPHCsDATp4pGpuOOMDaTdDDXF91wuVDJoWoPsKX/3YPQ5fHuF3STjcYyKr+Qhg=="],
  }
}
